
Microsoft Visual Studio Solution File, Format Version 12.00
# Visual Studio Version 16
VisualStudioVersion = 16.0.30320.27
MinimumVisualStudioVersion = 10.0.40219.1
Project("{FAE04EC0-301F-11D3-BF4B-00C04F79EFBC}") = "WpfApp3", "WpfApp3\WpfApp3.csproj", "{C773F7A9-CCD4-4918-98BC-5895849C833B}"
EndProject
Global
	GlobalSection(SolutionConfigurationPlatforms) = preSolution
		Debug|Any CPU = Debug|Any CPU
		Release|Any CPU = Release|Any CPU
	EndGlobalSection
	GlobalSection(ProjectConfigurationPlatforms) = postSolution
		{C773F7A9-CCD4-4918-98BC-5895849C833B}.Debug|Any CPU.ActiveCfg = Debug|Any CPU
		{C773F7A9-CCD4-4918-98BC-5895849C833B}.Debug|Any CPU.Build.0 = Debug|Any CPU
		{C773F7A9-CCD4-4918-98BC-5895849C833B}.Release|Any CPU.ActiveCfg = Release|Any CPU
		{C773F7A9-CCD4-4918-98BC-5895849C833B}.Release|Any CPU.Build.0 = Release|Any CPU
	EndGlobalSection
	GlobalSection(SolutionProperties) = preSolution
		HideSolutionNode = FALSE
	EndGlobalSection
	GlobalSection(ExtensibilityGlobals) = postSolution
		SolutionGuid = {415A33E2-F065-4A56-A808-CAD05F48ECFD}
	EndGlobalSection
EndGlobal
